
Microsoft Visual Studio Solution File, Format Version 12.00
# Visual Studio Version 16
VisualStudioVersion = 16.0.33423.256
MinimumVisualStudioVersion = 10.0.40219.1
Project("{FAE04EC0-301F-11D3-BF4B-00C04F79EFBC}") = "tpmodul6_1302213120", "tpmodul6_1302213120\tpmodul6_1302213120.csproj", "{94E05429-54A9-4341-9ACB-3572068F1B98}"
EndProject
Global
	GlobalSection(SolutionConfigurationPlatforms) = preSolution
		Debug|Any CPU = Debug|Any CPU
		Release|Any CPU = Release|Any CPU
	EndGlobalSection
	GlobalSection(ProjectConfigurationPlatforms) = postSolution
		{94E05429-54A9-4341-9ACB-3572068F1B98}.Debug|Any CPU.ActiveCfg = Debug|Any CPU
		{94E05429-54A9-4341-9ACB-3572068F1B98}.Debug|Any CPU.Build.0 = Debug|Any CPU
		{94E05429-54A9-4341-9ACB-3572068F1B98}.Release|Any CPU.ActiveCfg = Release|Any CPU
		{94E05429-54A9-4341-9ACB-3572068F1B98}.Release|Any CPU.Build.0 = Release|Any CPU
	EndGlobalSection
	GlobalSection(SolutionProperties) = preSolution
		HideSolutionNode = FALSE
	EndGlobalSection
	GlobalSection(ExtensibilityGlobals) = postSolution
		SolutionGuid = {D6B901B7-3378-46A4-88DB-03A938954D48}
	EndGlobalSection
EndGlobal
